// !$*UTF8*$!
{
	archiveVersion = 1;
	classes = {
	};
	objectVersion = 50;
	objects = {

/* Begin PBXBuildFile section */
		A50AC06622625851003209E3 /* ProfSchedule.swift in Sources */ = {isa = PBXBuildFile; fileRef = A50AC06522625851003209E3 /* ProfSchedule.swift */; };
		A50AC068226258EE003209E3 /* Schedule.swift in Sources */ = {isa = PBXBuildFile; fileRef = A50AC067226258EE003209E3 /* Schedule.swift */; };
		A50DDEF52253C2E30028C6E4 /* AppDelegate.swift in Sources */ = {isa = PBXBuildFile; fileRef = A50DDEF42253C2E30028C6E4 /* AppDelegate.swift */; };
		A50DDEF72253C2E30028C6E4 /* ViewController.swift in Sources */ = {isa = PBXBuildFile; fileRef = A50DDEF62253C2E30028C6E4 /* ViewController.swift */; };
		A50DDEFA2253C2E30028C6E4 /* Main.storyboard in Resources */ = {isa = PBXBuildFile; fileRef = A50DDEF82253C2E30028C6E4 /* Main.storyboard */; };
		A50DDEFC2253C2E40028C6E4 /* Assets.xcassets in Resources */ = {isa = PBXBuildFile; fileRef = A50DDEFB2253C2E40028C6E4 /* Assets.xcassets */; };
		A50DDEFF2253C2E40028C6E4 /* LaunchScreen.storyboard in Resources */ = {isa = PBXBuildFile; fileRef = A50DDEFD2253C2E40028C6E4 /* LaunchScreen.storyboard */; };
		A50DDF0722564BAD0028C6E4 /* CalendarKitController.swift in Sources */ = {isa = PBXBuildFile; fileRef = A50DDF0622564BAD0028C6E4 /* CalendarKitController.swift */; };
		A50DDF09225657830028C6E4 /* CalendarKitMainController.swift in Sources */ = {isa = PBXBuildFile; fileRef = A50DDF08225657830028C6E4 /* CalendarKitMainController.swift */; };
		A50DDF0B2256598C0028C6E4 /* DatePickerController.swift in Sources */ = {isa = PBXBuildFile; fileRef = A50DDF0A2256598C0028C6E4 /* DatePickerController.swift */; };
		A50DDF0F22565D200028C6E4 /* StyleGenerator.swift in Sources */ = {isa = PBXBuildFile; fileRef = A50DDF0E22565D200028C6E4 /* StyleGenerator.swift */; };
		A50DDF132256C06E0028C6E4 /* GoogleService-Info.plist in Resources */ = {isa = PBXBuildFile; fileRef = A50DDF122256C06E0028C6E4 /* GoogleService-Info.plist */; };
		A51C832A228876DA00917D76 /* updateProfileInfoController.swift in Sources */ = {isa = PBXBuildFile; fileRef = A51C8329228876DA00917D76 /* updateProfileInfoController.swift */; };
		A51C832C228879DC00917D76 /* CreateScheduleController.swift in Sources */ = {isa = PBXBuildFile; fileRef = A51C832B228879DC00917D76 /* CreateScheduleController.swift */; };
		A51C832E228879F500917D76 /* UpdateScheduleController.swift in Sources */ = {isa = PBXBuildFile; fileRef = A51C832D228879F500917D76 /* UpdateScheduleController.swift */; };
		A51C83332288A6E200917D76 /* AppointmentNewCell.swift in Sources */ = {isa = PBXBuildFile; fileRef = A51C83312288A6E200917D76 /* AppointmentNewCell.swift */; };
		A51C83342288A6E200917D76 /* AppointmentNewCell.xib in Resources */ = {isa = PBXBuildFile; fileRef = A51C83322288A6E200917D76 /* AppointmentNewCell.xib */; };
		A51EA02C227D0882009D72D5 /* WelcomeController.swift in Sources */ = {isa = PBXBuildFile; fileRef = A51EA02B227D0882009D72D5 /* WelcomeController.swift */; };
		A51EA04D227D154D009D72D5 /* SF-Pro-Display-Regular.otf in Resources */ = {isa = PBXBuildFile; fileRef = A51EA02E227D1549009D72D5 /* SF-Pro-Display-Regular.otf */; };
		A51EA04E227D154D009D72D5 /* SF-Pro-Text-RegularItalic.otf in Resources */ = {isa = PBXBuildFile; fileRef = A51EA02F227D1549009D72D5 /* SF-Pro-Text-RegularItalic.otf */; };
		A51EA04F227D154D009D72D5 /* SF-Pro-Text-SemiboldItalic.otf in Resources */ = {isa = PBXBuildFile; fileRef = A51EA030227D1549009D72D5 /* SF-Pro-Text-SemiboldItalic.otf */; };
		A51EA050227D154D009D72D5 /* SF-Pro-Display-Light.otf in Resources */ = {isa = PBXBuildFile; fileRef = A51EA031227D154A009D72D5 /* SF-Pro-Display-Light.otf */; };
		A51EA051227D154D009D72D5 /* SF-Pro-Display-UltralightItalic.otf in Resources */ = {isa = PBXBuildFile; fileRef = A51EA032227D154A009D72D5 /* SF-Pro-Display-UltralightItalic.otf */; };
		A51EA052227D154D009D72D5 /* SF-Pro-Text-LightItalic.otf in Resources */ = {isa = PBXBuildFile; fileRef = A51EA033227D154A009D72D5 /* SF-Pro-Text-LightItalic.otf */; };
		A51EA053227D154D009D72D5 /* SF-Pro-Text-Bold.otf in Resources */ = {isa = PBXBuildFile; fileRef = A51EA034227D154A009D72D5 /* SF-Pro-Text-Bold.otf */; };
		A51EA054227D154D009D72D5 /* SF-Pro-Text-BoldItalic.otf in Resources */ = {isa = PBXBuildFile; fileRef = A51EA035227D154A009D72D5 /* SF-Pro-Text-BoldItalic.otf */; };
		A51EA055227D154D009D72D5 /* SF-Pro-Display-Medium.otf in Resources */ = {isa = PBXBuildFile; fileRef = A51EA036227D154A009D72D5 /* SF-Pro-Display-Medium.otf */; };
		A51EA056227D154D009D72D5 /* SF-Pro-Text-Semibold.otf in Resources */ = {isa = PBXBuildFile; fileRef = A51EA037227D154A009D72D5 /* SF-Pro-Text-Semibold.otf */; };
		A51EA057227D154D009D72D5 /* SF-Pro-Display-LightItalic.otf in Resources */ = {isa = PBXBuildFile; fileRef = A51EA038227D154A009D72D5 /* SF-Pro-Display-LightItalic.otf */; };
		A51EA058227D154D009D72D5 /* SF-Pro-Display-ThinItalic.otf in Resources */ = {isa = PBXBuildFile; fileRef = A51EA039227D154A009D72D5 /* SF-Pro-Display-ThinItalic.otf */; };
		A51EA059227D154D009D72D5 /* SF-Font.dmg in Resources */ = {isa = PBXBuildFile; fileRef = A51EA03A227D154B009D72D5 /* SF-Font.dmg */; };
		A51EA05A227D154D009D72D5 /* SF-Pro-Text-Medium.otf in Resources */ = {isa = PBXBuildFile; fileRef = A51EA03B227D154B009D72D5 /* SF-Pro-Text-Medium.otf */; };
		A51EA05B227D154D009D72D5 /* SF-Pro-Display-BoldItalic.otf in Resources */ = {isa = PBXBuildFile; fileRef = A51EA03C227D154B009D72D5 /* SF-Pro-Display-BoldItalic.otf */; };
		A51EA05C227D154D009D72D5 /* SF-Pro-Display-Bold.otf in Resources */ = {isa = PBXBuildFile; fileRef = A51EA03D227D154B009D72D5 /* SF-Pro-Display-Bold.otf */; };
		A51EA05D227D154D009D72D5 /* SF-Pro-Display-MediumItalic.otf in Resources */ = {isa = PBXBuildFile; fileRef = A51EA03E227D154B009D72D5 /* SF-Pro-Display-MediumItalic.otf */; };
		A51EA05E227D154D009D72D5 /* SF-Pro-Display-Heavy.otf in Resources */ = {isa = PBXBuildFile; fileRef = A51EA03F227D154B009D72D5 /* SF-Pro-Display-Heavy.otf */; };
		A51EA05F227D154D009D72D5 /* SF-Pro-Display-Semibold.otf in Resources */ = {isa = PBXBuildFile; fileRef = A51EA040227D154B009D72D5 /* SF-Pro-Display-Semibold.otf */; };
		A51EA060227D154D009D72D5 /* SF-Pro-Display-Black.otf in Resources */ = {isa = PBXBuildFile; fileRef = A51EA041227D154C009D72D5 /* SF-Pro-Display-Black.otf */; };
		A51EA061227D154D009D72D5 /* SF-Pro-Display-Ultralight.otf in Resources */ = {isa = PBXBuildFile; fileRef = A51EA042227D154C009D72D5 /* SF-Pro-Display-Ultralight.otf */; };
		A51EA062227D154D009D72D5 /* SF-Pro-Display-HeavyItalic.otf in Resources */ = {isa = PBXBuildFile; fileRef = A51EA043227D154C009D72D5 /* SF-Pro-Display-HeavyItalic.otf */; };
		A51EA063227D154D009D72D5 /* SF-Pro-Display-SemiboldItalic.otf in Resources */ = {isa = PBXBuildFile; fileRef = A51EA044227D154C009D72D5 /* SF-Pro-Display-SemiboldItalic.otf */; };
		A51EA064227D154D009D72D5 /* SF-Pro-Text-Heavy.otf in Resources */ = {isa = PBXBuildFile; fileRef = A51EA045227D154C009D72D5 /* SF-Pro-Text-Heavy.otf */; };
		A51EA065227D154D009D72D5 /* SF-Pro-Display-Thin.otf in Resources */ = {isa = PBXBuildFile; fileRef = A51EA046227D154C009D72D5 /* SF-Pro-Display-Thin.otf */; };
		A51EA066227D154D009D72D5 /* SF-Pro-Text-HeavyItalic.otf in Resources */ = {isa = PBXBuildFile; fileRef = A51EA047227D154C009D72D5 /* SF-Pro-Text-HeavyItalic.otf */; };
		A51EA067227D154D009D72D5 /* SF-Pro-Display-BlackItalic.otf in Resources */ = {isa = PBXBuildFile; fileRef = A51EA048227D154C009D72D5 /* SF-Pro-Display-BlackItalic.otf */; };
		A51EA068227D154D009D72D5 /* SF-Pro-Display-RegularItalic.otf in Resources */ = {isa = PBXBuildFile; fileRef = A51EA049227D154C009D72D5 /* SF-Pro-Display-RegularItalic.otf */; };
		A51EA069227D154D009D72D5 /* SF-Pro-Text-Regular.otf in Resources */ = {isa = PBXBuildFile; fileRef = A51EA04A227D154C009D72D5 /* SF-Pro-Text-Regular.otf */; };
		A51EA06A227D154D009D72D5 /* SF-Pro-Text-Light.otf in Resources */ = {isa = PBXBuildFile; fileRef = A51EA04B227D154D009D72D5 /* SF-Pro-Text-Light.otf */; };
		A51EA06B227D154D009D72D5 /* SF-Pro-Text-MediumItalic.otf in Resources */ = {isa = PBXBuildFile; fileRef = A51EA04C227D154D009D72D5 /* SF-Pro-Text-MediumItalic.otf */; };
		A5243195225A66AB002705CB /* SignUpController.swift in Sources */ = {isa = PBXBuildFile; fileRef = A5243194225A66AB002705CB /* SignUpController.swift */; };
		A52FCFEA227D2E9E003F35CB /* ImageUploadController.swift in Sources */ = {isa = PBXBuildFile; fileRef = A52FCFE9227D2E9E003F35CB /* ImageUploadController.swift */; };
		A52FCFEC227D36E0003F35CB /* StepTwoSignUpController.swift in Sources */ = {isa = PBXBuildFile; fileRef = A52FCFEB227D36E0003F35CB /* StepTwoSignUpController.swift */; };
		A52FCFEE227E5828003F35CB /* Student.swift in Sources */ = {isa = PBXBuildFile; fileRef = A52FCFED227E5828003F35CB /* Student.swift */; };
		A5329ED0227730C200306779 /* AppointmentViewController.swift in Sources */ = {isa = PBXBuildFile; fileRef = A5329ECF227730C200306779 /* AppointmentViewController.swift */; };
		A537EC372268FE160085DC64 /* AppointmentListController.swift in Sources */ = {isa = PBXBuildFile; fileRef = A537EC362268FE160085DC64 /* AppointmentListController.swift */; };
		A537EC3D2269002C0085DC64 /* AppointmentCell.swift in Sources */ = {isa = PBXBuildFile; fileRef = A537EC3B2269002C0085DC64 /* AppointmentCell.swift */; };
		A537EC3E2269002C0085DC64 /* AppointmentCell.xib in Resources */ = {isa = PBXBuildFile; fileRef = A537EC3C2269002C0085DC64 /* AppointmentCell.xib */; };
		A592A38A2283259A00068479 /* ProfessorListController.swift in Sources */ = {isa = PBXBuildFile; fileRef = A592A3892283259A00068479 /* ProfessorListController.swift */; };
		A592A38D2283271800068479 /* ProfessorCell.swift in Sources */ = {isa = PBXBuildFile; fileRef = A592A38B2283271800068479 /* ProfessorCell.swift */; };
		A592A38E2283271800068479 /* ProfessorCell.xib in Resources */ = {isa = PBXBuildFile; fileRef = A592A38C2283271800068479 /* ProfessorCell.xib */; };
		A592A39022833AFD00068479 /* SideBarView.swift in Sources */ = {isa = PBXBuildFile; fileRef = A592A38F22833AFD00068479 /* SideBarView.swift */; };
		A593F7F42285FBD100FE8CE1 /* ProfessorSignUpController.swift in Sources */ = {isa = PBXBuildFile; fileRef = A593F7F32285FBD100FE8CE1 /* ProfessorSignUpController.swift */; };
		A593F7F822860B6700FE8CE1 /* PushNotificationManager.swift in Sources */ = {isa = PBXBuildFile; fileRef = A593F7F722860B6700FE8CE1 /* PushNotificationManager.swift */; };
		A593F7FA228634E000FE8CE1 /* PushNotificationSender.swift in Sources */ = {isa = PBXBuildFile; fileRef = A593F7F9228634E000FE8CE1 /* PushNotificationSender.swift */; };
		A5A48781225E12B4004EAE64 /* Professor.swift in Sources */ = {isa = PBXBuildFile; fileRef = A5A48780225E12B4004EAE64 /* Professor.swift */; };
		A5CBE5C02265184500F0F954 /* DateRange.swift in Sources */ = {isa = PBXBuildFile; fileRef = A5CBE5BF2265184500F0F954 /* DateRange.swift */; };
		A5DF621E228795B400456788 /* ProfileInfoCell.swift in Sources */ = {isa = PBXBuildFile; fileRef = A5DF621C228795B400456788 /* ProfileInfoCell.swift */; };
		A5DF621F228795B400456788 /* ProfileInfoCell.xib in Resources */ = {isa = PBXBuildFile; fileRef = A5DF621D228795B400456788 /* ProfileInfoCell.xib */; };
		A5DF6221228797CB00456788 /* ProfileController.swift in Sources */ = {isa = PBXBuildFile; fileRef = A5DF6220228797CB00456788 /* ProfileController.swift */; };
		A5F983E42263AD2D007E0CCF /* NewAppointmentController.swift in Sources */ = {isa = PBXBuildFile; fileRef = A5F983E32263AD2D007E0CCF /* NewAppointmentController.swift */; };
		A5F983E62263B313007E0CCF /* Appointment.swift in Sources */ = {isa = PBXBuildFile; fileRef = A5F983E52263B313007E0CCF /* Appointment.swift */; };
		ECE5F78A73C577A14C447BC1 /* Pods_Appointments.framework in Frameworks */ = {isa = PBXBuildFile; fileRef = 061FD805D67E0DE95A1B4DA6 /* Pods_Appointments.framework */; };
/* End PBXBuildFile section */

/* Begin PBXFileReference section */
		061FD805D67E0DE95A1B4DA6 /* Pods_Appointments.framework */ = {isa = PBXFileReference; explicitFileType = wrapper.framework; includeInIndex = 0; path = Pods_Appointments.framework; sourceTree = BUILT_PRODUCTS_DIR; };
		6B020C3833ED0EFE767C6397 /* Pods-Appointments.release.xcconfig */ = {isa = PBXFileReference; includeInIndex = 1; lastKnownFileType = text.xcconfig; name = "Pods-Appointments.release.xcconfig"; path = "Pods/Target Support Files/Pods-Appointments/Pods-Appointments.release.xcconfig"; sourceTree = "<group>"; };
		93A4A50FA5C2F3EFDF961F5B /* Pods-Appointments.debug.xcconfig */ = {isa = PBXFileReference; includeInIndex = 1; lastKnownFileType = text.xcconfig; name = "Pods-Appointments.debug.xcconfig"; path = "Pods/Target Support Files/Pods-Appointments/Pods-Appointments.debug.xcconfig"; sourceTree = "<group>"; };
		A50AC06522625851003209E3 /* ProfSchedule.swift */ = {isa = PBXFileReference; lastKnownFileType = sourcecode.swift; path = ProfSchedule.swift; sourceTree = "<group>"; };
		A50AC067226258EE003209E3 /* Schedule.swift */ = {isa = PBXFileReference; lastKnownFileType = sourcecode.swift; path = Schedule.swift; sourceTree = "<group>"; };
		A50DDEF12253C2E30028C6E4 /* Appointments.app */ = {isa = PBXFileReference; explicitFileType = wrapper.application; includeInIndex = 0; path = Appointments.app; sourceTree = BUILT_PRODUCTS_DIR; };
		A50DDEF42253C2E30028C6E4 /* AppDelegate.swift */ = {isa = PBXFileReference; lastKnownFileType = sourcecode.swift; path = AppDelegate.swift; sourceTree = "<group>"; };
		A50DDEF62253C2E30028C6E4 /* ViewController.swift */ = {isa = PBXFileReference; lastKnownFileType = sourcecode.swift; path = ViewController.swift; sourceTree = "<group>"; };
		A50DDEF92253C2E30028C6E4 /* Base */ = {isa = PBXFileReference; lastKnownFileType = file.storyboard; name = Base; path = Base.lproj/Main.storyboard; sourceTree = "<group>"; };
		A50DDEFB2253C2E40028C6E4 /* Assets.xcassets */ = {isa = PBXFileReference; lastKnownFileType = folder.assetcatalog; path = Assets.xcassets; sourceTree = "<group>"; };
		A50DDEFE2253C2E40028C6E4 /* Base */ = {isa = PBXFileReference; lastKnownFileType = file.storyboard; name = Base; path = Base.lproj/LaunchScreen.storyboard; sourceTree = "<group>"; };
		A50DDF002253C2E40028C6E4 /* Info.plist */ = {isa = PBXFileReference; lastKnownFileType = text.plist.xml; path = Info.plist; sourceTree = "<group>"; };
		A50DDF0622564BAD0028C6E4 /* CalendarKitController.swift */ = {isa = PBXFileReference; lastKnownFileType = sourcecode.swift; path = CalendarKitController.swift; sourceTree = "<group>"; };
		A50DDF08225657830028C6E4 /* CalendarKitMainController.swift */ = {isa = PBXFileReference; lastKnownFileType = sourcecode.swift; path = CalendarKitMainController.swift; sourceTree = "<group>"; };
		A50DDF0A2256598C0028C6E4 /* DatePickerController.swift */ = {isa = PBXFileReference; lastKnownFileType = sourcecode.swift; path = DatePickerController.swift; sourceTree = "<group>"; };
		A50DDF0E22565D200028C6E4 /* StyleGenerator.swift */ = {isa = PBXFileReference; lastKnownFileType = sourcecode.swift; path = StyleGenerator.swift; sourceTree = "<group>"; };
		A50DDF122256C06E0028C6E4 /* GoogleService-Info.plist */ = {isa = PBXFileReference; fileEncoding = 4; lastKnownFileType = text.plist.xml; path = "GoogleService-Info.plist"; sourceTree = SOURCE_ROOT; };
		A51C8329228876DA00917D76 /* updateProfileInfoController.swift */ = {isa = PBXFileReference; lastKnownFileType = sourcecode.swift; path = updateProfileInfoController.swift; sourceTree = "<group>"; };
		A51C832B228879DC00917D76 /* CreateScheduleController.swift */ = {isa = PBXFileReference; lastKnownFileType = sourcecode.swift; path = CreateScheduleController.swift; sourceTree = "<group>"; };
		A51C832D228879F500917D76 /* UpdateScheduleController.swift */ = {isa = PBXFileReference; lastKnownFileType = sourcecode.swift; path = UpdateScheduleController.swift; sourceTree = "<group>"; };
		A51C83312288A6E200917D76 /* AppointmentNewCell.swift */ = {isa = PBXFileReference; lastKnownFileType = sourcecode.swift; path = AppointmentNewCell.swift; sourceTree = "<group>"; };
		A51C83322288A6E200917D76 /* AppointmentNewCell.xib */ = {isa = PBXFileReference; lastKnownFileType = file.xib; path = AppointmentNewCell.xib; sourceTree = "<group>"; };
		A51EA02B227D0882009D72D5 /* WelcomeController.swift */ = {isa = PBXFileReference; lastKnownFileType = sourcecode.swift; path = WelcomeController.swift; sourceTree = "<group>"; };
		A51EA02E227D1549009D72D5 /* SF-Pro-Display-Regular.otf */ = {isa = PBXFileReference; lastKnownFileType = file; path = "SF-Pro-Display-Regular.otf"; sourceTree = "<group>"; };
		A51EA02F227D1549009D72D5 /* SF-Pro-Text-RegularItalic.otf */ = {isa = PBXFileReference; lastKnownFileType = file; path = "SF-Pro-Text-RegularItalic.otf"; sourceTree = "<group>"; };
		A51EA030227D1549009D72D5 /* SF-Pro-Text-SemiboldItalic.otf */ = {isa = PBXFileReference; lastKnownFileType = file; path = "SF-Pro-Text-SemiboldItalic.otf"; sourceTree = "<group>"; };
		A51EA031227D154A009D72D5 /* SF-Pro-Display-Light.otf */ = {isa = PBXFileReference; lastKnownFileType = file; path = "SF-Pro-Display-Light.otf"; sourceTree = "<group>"; };
		A51EA032227D154A009D72D5 /* SF-Pro-Display-UltralightItalic.otf */ = {isa = PBXFileReference; lastKnownFileType = file; path = "SF-Pro-Display-UltralightItalic.otf"; sourceTree = "<group>"; };
		A51EA033227D154A009D72D5 /* SF-Pro-Text-LightItalic.otf */ = {isa = PBXFileReference; lastKnownFileType = file; path = "SF-Pro-Text-LightItalic.otf"; sourceTree = "<group>"; };
		A51EA034227D154A009D72D5 /* SF-Pro-Text-Bold.otf */ = {isa = PBXFileReference; lastKnownFileType = file; path = "SF-Pro-Text-Bold.otf"; sourceTree = "<group>"; };
		A51EA035227D154A009D72D5 /* SF-Pro-Text-BoldItalic.otf */ = {isa = PBXFileReference; lastKnownFileType = file; path = "SF-Pro-Text-BoldItalic.otf"; sourceTree = "<group>"; };
		A51EA036227D154A009D72D5 /* SF-Pro-Display-Medium.otf */ = {isa = PBXFileReference; lastKnownFileType = file; path = "SF-Pro-Display-Medium.otf"; sourceTree = "<group>"; };
		A51EA037227D154A009D72D5 /* SF-Pro-Text-Semibold.otf */ = {isa = PBXFileReference; lastKnownFileType = file; path = "SF-Pro-Text-Semibold.otf"; sourceTree = "<group>"; };
		A51EA038227D154A009D72D5 /* SF-Pro-Display-LightItalic.otf */ = {isa = PBXFileReference; lastKnownFileType = file; path = "SF-Pro-Display-LightItalic.otf"; sourceTree = "<group>"; };
		A51EA039227D154A009D72D5 /* SF-Pro-Display-ThinItalic.otf */ = {isa = PBXFileReference; lastKnownFileType = file; path = "SF-Pro-Display-ThinItalic.otf"; sourceTree = "<group>"; };
		A51EA03A227D154B009D72D5 /* SF-Font.dmg */ = {isa = PBXFileReference; lastKnownFileType = file; path = "SF-Font.dmg"; sourceTree = "<group>"; };
		A51EA03B227D154B009D72D5 /* SF-Pro-Text-Medium.otf */ = {isa = PBXFileReference; lastKnownFileType = file; path = "SF-Pro-Text-Medium.otf"; sourceTree = "<group>"; };
		A51EA03C227D154B009D72D5 /* SF-Pro-Display-BoldItalic.otf */ = {isa = PBXFileReference; lastKnownFileType = file; path = "SF-Pro-Display-BoldItalic.otf"; sourceTree = "<group>"; };
		A51EA03D227D154B009D72D5 /* SF-Pro-Display-Bold.otf */ = {isa = PBXFileReference; lastKnownFileType = file; path = "SF-Pro-Display-Bold.otf"; sourceTree = "<group>"; };
		A51EA03E227D154B009D72D5 /* SF-Pro-Display-MediumItalic.otf */ = {isa = PBXFileReference; lastKnownFileType = file; path = "SF-Pro-Display-MediumItalic.otf"; sourceTree = "<group>"; };
		A51EA03F227D154B009D72D5 /* SF-Pro-Display-Heavy.otf */ = {isa = PBXFileReference; lastKnownFileType = file; path = "SF-Pro-Display-Heavy.otf"; sourceTree = "<group>"; };
		A51EA040227D154B009D72D5 /* SF-Pro-Display-Semibold.otf */ = {isa = PBXFileReference; lastKnownFileType = file; path = "SF-Pro-Display-Semibold.otf"; sourceTree = "<group>"; };
		A51EA041227D154C009D72D5 /* SF-Pro-Display-Black.otf */ = {isa = PBXFileReference; lastKnownFileType = file; path = "SF-Pro-Display-Black.otf"; sourceTree = "<group>"; };
		A51EA042227D154C009D72D5 /* SF-Pro-Display-Ultralight.otf */ = {isa = PBXFileReference; lastKnownFileType = file; path = "SF-Pro-Display-Ultralight.otf"; sourceTree = "<group>"; };
		A51EA043227D154C009D72D5 /* SF-Pro-Display-HeavyItalic.otf */ = {isa = PBXFileReference; lastKnownFileType = file; path = "SF-Pro-Display-HeavyItalic.otf"; sourceTree = "<group>"; };
		A51EA044227D154C009D72D5 /* SF-Pro-Display-SemiboldItalic.otf */ = {isa = PBXFileReference; lastKnownFileType = file; path = "SF-Pro-Display-SemiboldItalic.otf"; sourceTree = "<group>"; };
		A51EA045227D154C009D72D5 /* SF-Pro-Text-Heavy.otf */ = {isa = PBXFileReference; lastKnownFileType = file; path = "SF-Pro-Text-Heavy.otf"; sourceTree = "<group>"; };
		A51EA046227D154C009D72D5 /* SF-Pro-Display-Thin.otf */ = {isa = PBXFileReference; lastKnownFileType = file; path = "SF-Pro-Display-Thin.otf"; sourceTree = "<group>"; };
		A51EA047227D154C009D72D5 /* SF-Pro-Text-HeavyItalic.otf */ = {isa = PBXFileReference; lastKnownFileType = file; path = "SF-Pro-Text-HeavyItalic.otf"; sourceTree = "<group>"; };
		A51EA048227D154C009D72D5 /* SF-Pro-Display-BlackItalic.otf */ = {isa = PBXFileReference; lastKnownFileType = file; path = "SF-Pro-Display-BlackItalic.otf"; sourceTree = "<group>"; };
		A51EA049227D154C009D72D5 /* SF-Pro-Display-RegularItalic.otf */ = {isa = PBXFileReference; lastKnownFileType = file; path = "SF-Pro-Display-RegularItalic.otf"; sourceTree = "<group>"; };
		A51EA04A227D154C009D72D5 /* SF-Pro-Text-Regular.otf */ = {isa = PBXFileReference; lastKnownFileType = file; path = "SF-Pro-Text-Regular.otf"; sourceTree = "<group>"; };
		A51EA04B227D154D009D72D5 /* SF-Pro-Text-Light.otf */ = {isa = PBXFileReference; lastKnownFileType = file; path = "SF-Pro-Text-Light.otf"; sourceTree = "<group>"; };
		A51EA04C227D154D009D72D5 /* SF-Pro-Text-MediumItalic.otf */ = {isa = PBXFileReference; lastKnownFileType = file; path = "SF-Pro-Text-MediumItalic.otf"; sourceTree = "<group>"; };
		A5243194225A66AB002705CB /* SignUpController.swift */ = {isa = PBXFileReference; lastKnownFileType = sourcecode.swift; path = SignUpController.swift; sourceTree = "<group>"; };
		A52FCFE9227D2E9E003F35CB /* ImageUploadController.swift */ = {isa = PBXFileReference; lastKnownFileType = sourcecode.swift; path = ImageUploadController.swift; sourceTree = "<group>"; };
		A52FCFEB227D36E0003F35CB /* StepTwoSignUpController.swift */ = {isa = PBXFileReference; lastKnownFileType = sourcecode.swift; path = StepTwoSignUpController.swift; sourceTree = "<group>"; };
		A52FCFED227E5828003F35CB /* Student.swift */ = {isa = PBXFileReference; lastKnownFileType = sourcecode.swift; path = Student.swift; sourceTree = "<group>"; };
		A5329ECF227730C200306779 /* AppointmentViewController.swift */ = {isa = PBXFileReference; lastKnownFileType = sourcecode.swift; path = AppointmentViewController.swift; sourceTree = "<group>"; };
		A537EC362268FE160085DC64 /* AppointmentListController.swift */ = {isa = PBXFileReference; lastKnownFileType = sourcecode.swift; path = AppointmentListController.swift; sourceTree = "<group>"; };
		A537EC3B2269002C0085DC64 /* AppointmentCell.swift */ = {isa = PBXFileReference; lastKnownFileType = sourcecode.swift; path = AppointmentCell.swift; sourceTree = "<group>"; };
		A537EC3C2269002C0085DC64 /* AppointmentCell.xib */ = {isa = PBXFileReference; lastKnownFileType = file.xib; path = AppointmentCell.xib; sourceTree = "<group>"; };
		A592A3892283259A00068479 /* ProfessorListController.swift */ = {isa = PBXFileReference; lastKnownFileType = sourcecode.swift; path = ProfessorListController.swift; sourceTree = "<group>"; };
		A592A38B2283271800068479 /* ProfessorCell.swift */ = {isa = PBXFileReference; lastKnownFileType = sourcecode.swift; path = ProfessorCell.swift; sourceTree = "<group>"; };
		A592A38C2283271800068479 /* ProfessorCell.xib */ = {isa = PBXFileReference; lastKnownFileType = file.xib; path = ProfessorCell.xib; sourceTree = "<group>"; };
		A592A38F22833AFD00068479 /* SideBarView.swift */ = {isa = PBXFileReference; lastKnownFileType = sourcecode.swift; path = SideBarView.swift; sourceTree = "<group>"; };
		A593F7F32285FBD100FE8CE1 /* ProfessorSignUpController.swift */ = {isa = PBXFileReference; lastKnownFileType = sourcecode.swift; path = ProfessorSignUpController.swift; sourceTree = "<group>"; };
		A593F7F722860B6700FE8CE1 /* PushNotificationManager.swift */ = {isa = PBXFileReference; lastKnownFileType = sourcecode.swift; path = PushNotificationManager.swift; sourceTree = "<group>"; };
		A593F7F9228634E000FE8CE1 /* PushNotificationSender.swift */ = {isa = PBXFileReference; lastKnownFileType = sourcecode.swift; path = PushNotificationSender.swift; sourceTree = "<group>"; };
		A5A48780225E12B4004EAE64 /* Professor.swift */ = {isa = PBXFileReference; lastKnownFileType = sourcecode.swift; path = Professor.swift; sourceTree = "<group>"; };
		A5CBE5BF2265184500F0F954 /* DateRange.swift */ = {isa = PBXFileReference; lastKnownFileType = sourcecode.swift; path = DateRange.swift; sourceTree = "<group>"; };
		A5DF621C228795B400456788 /* ProfileInfoCell.swift */ = {isa = PBXFileReference; lastKnownFileType = sourcecode.swift; path = ProfileInfoCell.swift; sourceTree = "<group>"; };
		A5DF621D228795B400456788 /* ProfileInfoCell.xib */ = {isa = PBXFileReference; lastKnownFileType = file.xib; path = ProfileInfoCell.xib; sourceTree = "<group>"; };
		A5DF6220228797CB00456788 /* ProfileController.swift */ = {isa = PBXFileReference; lastKnownFileType = sourcecode.swift; path = ProfileController.swift; sourceTree = "<group>"; };
		A5ECAEBB2284FACB0032811A /* Appointments.entitlements */ = {isa = PBXFileReference; lastKnownFileType = text.plist.entitlements; path = Appointments.entitlements; sourceTree = "<group>"; };
		A5F983E32263AD2D007E0CCF /* NewAppointmentController.swift */ = {isa = PBXFileReference; lastKnownFileType = sourcecode.swift; path = NewAppointmentController.swift; sourceTree = "<group>"; };
		A5F983E52263B313007E0CCF /* Appointment.swift */ = {isa = PBXFileReference; lastKnownFileType = sourcecode.swift; path = Appointment.swift; sourceTree = "<group>"; };
/* End PBXFileReference section */

/* Begin PBXFrameworksBuildPhase section */
		A50DDEEE2253C2E30028C6E4 /* Frameworks */ = {
			isa = PBXFrameworksBuildPhase;
			buildActionMask = 2147483647;
			files = (
				ECE5F78A73C577A14C447BC1 /* Pods_Appointments.framework in Frameworks */,
			);
			runOnlyForDeploymentPostprocessing = 0;
		};
/* End PBXFrameworksBuildPhase section */

/* Begin PBXGroup section */
		44CE70D15F8235F08750AE3A /* Frameworks */ = {
			isa = PBXGroup;
			children = (
				061FD805D67E0DE95A1B4DA6 /* Pods_Appointments.framework */,
			);
			name = Frameworks;
			sourceTree = "<group>";
		};
		A50DDEE82253C2E30028C6E4 = {
			isa = PBXGroup;
			children = (
				A50DDEF32253C2E30028C6E4 /* Appointments */,
				A50DDEF22253C2E30028C6E4 /* Products */,
				BCDECB65ABC506CD6A8028EB /* Pods */,
				44CE70D15F8235F08750AE3A /* Frameworks */,
			);
			sourceTree = "<group>";
		};
		A50DDEF22253C2E30028C6E4 /* Products */ = {
			isa = PBXGroup;
			children = (
				A50DDEF12253C2E30028C6E4 /* Appointments.app */,
			);
			name = Products;
			sourceTree = "<group>";
		};
		A50DDEF32253C2E30028C6E4 /* Appointments */ = {
			isa = PBXGroup;
			children = (
				A5ECAEBB2284FACB0032811A /* Appointments.entitlements */,
				A51EA02D227D1527009D72D5 /* Fonts */,
				A50DDEF42253C2E30028C6E4 /* AppDelegate.swift */,
				A535AF1C225A5F02002F6539 /* Model */,
				A535AF1A225A5EAF002F6539 /* Controllers */,
				A535AF1B225A5EE2002F6539 /* View */,
				A50DDEFB2253C2E40028C6E4 /* Assets.xcassets */,
				A50DDEFD2253C2E40028C6E4 /* LaunchScreen.storyboard */,
				A50DDF002253C2E40028C6E4 /* Info.plist */,
				A50DDF122256C06E0028C6E4 /* GoogleService-Info.plist */,
			);
			path = Appointments;
			sourceTree = "<group>";
		};
		A51EA02D227D1527009D72D5 /* Fonts */ = {
			isa = PBXGroup;
			children = (
				A51EA03A227D154B009D72D5 /* SF-Font.dmg */,
				A51EA041227D154C009D72D5 /* SF-Pro-Display-Black.otf */,
				A51EA048227D154C009D72D5 /* SF-Pro-Display-BlackItalic.otf */,
				A51EA03D227D154B009D72D5 /* SF-Pro-Display-Bold.otf */,
				A51EA03C227D154B009D72D5 /* SF-Pro-Display-BoldItalic.otf */,
				A51EA03F227D154B009D72D5 /* SF-Pro-Display-Heavy.otf */,
				A51EA043227D154C009D72D5 /* SF-Pro-Display-HeavyItalic.otf */,
				A51EA031227D154A009D72D5 /* SF-Pro-Display-Light.otf */,
				A51EA038227D154A009D72D5 /* SF-Pro-Display-LightItalic.otf */,
				A51EA036227D154A009D72D5 /* SF-Pro-Display-Medium.otf */,
				A51EA03E227D154B009D72D5 /* SF-Pro-Display-MediumItalic.otf */,
				A51EA02E227D1549009D72D5 /* SF-Pro-Display-Regular.otf */,
				A51EA049227D154C009D72D5 /* SF-Pro-Display-RegularItalic.otf */,
				A51EA040227D154B009D72D5 /* SF-Pro-Display-Semibold.otf */,
				A51EA044227D154C009D72D5 /* SF-Pro-Display-SemiboldItalic.otf */,
				A51EA046227D154C009D72D5 /* SF-Pro-Display-Thin.otf */,
				A51EA039227D154A009D72D5 /* SF-Pro-Display-ThinItalic.otf */,
				A51EA042227D154C009D72D5 /* SF-Pro-Display-Ultralight.otf */,
				A51EA032227D154A009D72D5 /* SF-Pro-Display-UltralightItalic.otf */,
				A51EA034227D154A009D72D5 /* SF-Pro-Text-Bold.otf */,
				A51EA035227D154A009D72D5 /* SF-Pro-Text-BoldItalic.otf */,
				A51EA045227D154C009D72D5 /* SF-Pro-Text-Heavy.otf */,
				A51EA047227D154C009D72D5 /* SF-Pro-Text-HeavyItalic.otf */,
				A51EA04B227D154D009D72D5 /* SF-Pro-Text-Light.otf */,
				A51EA033227D154A009D72D5 /* SF-Pro-Text-LightItalic.otf */,
				A51EA03B227D154B009D72D5 /* SF-Pro-Text-Medium.otf */,
				A51EA04C227D154D009D72D5 /* SF-Pro-Text-MediumItalic.otf */,
				A51EA04A227D154C009D72D5 /* SF-Pro-Text-Regular.otf */,
				A51EA02F227D1549009D72D5 /* SF-Pro-Text-RegularItalic.otf */,
				A51EA037227D154A009D72D5 /* SF-Pro-Text-Semibold.otf */,
				A51EA030227D1549009D72D5 /* SF-Pro-Text-SemiboldItalic.otf */,
			);
			path = Fonts;
			sourceTree = "<group>";
		};
		A535AF1A225A5EAF002F6539 /* Controllers */ = {
			isa = PBXGroup;
			children = (
				A50DDEF62253C2E30028C6E4 /* ViewController.swift */,
				A50DDF0622564BAD0028C6E4 /* CalendarKitController.swift */,
				A50DDF08225657830028C6E4 /* CalendarKitMainController.swift */,
				A50DDF0A2256598C0028C6E4 /* DatePickerController.swift */,
				A50DDF0E22565D200028C6E4 /* StyleGenerator.swift */,
				A5243194225A66AB002705CB /* SignUpController.swift */,
				A5F983E32263AD2D007E0CCF /* NewAppointmentController.swift */,
				A537EC362268FE160085DC64 /* AppointmentListController.swift */,
				A5329ECF227730C200306779 /* AppointmentViewController.swift */,
				A51EA02B227D0882009D72D5 /* WelcomeController.swift */,
				A52FCFE9227D2E9E003F35CB /* ImageUploadController.swift */,
				A52FCFEB227D36E0003F35CB /* StepTwoSignUpController.swift */,
				A592A3892283259A00068479 /* ProfessorListController.swift */,
				A592A38F22833AFD00068479 /* SideBarView.swift */,
				A593F7F32285FBD100FE8CE1 /* ProfessorSignUpController.swift */,
				A5DF6220228797CB00456788 /* ProfileController.swift */,
				A51C8329228876DA00917D76 /* updateProfileInfoController.swift */,
				A51C832B228879DC00917D76 /* CreateScheduleController.swift */,
				A51C832D228879F500917D76 /* UpdateScheduleController.swift */,
			);
			path = Controllers;
			sourceTree = "<group>";
		};
		A535AF1B225A5EE2002F6539 /* View */ = {
			isa = PBXGroup;
			children = (
				A537EC3A2268FFE00085DC64 /* Table Cells */,
				A50DDEF82253C2E30028C6E4 /* Main.storyboard */,
			);
			path = View;
			sourceTree = "<group>";
		};
		A535AF1C225A5F02002F6539 /* Model */ = {
			isa = PBXGroup;
			children = (
				A5A48780225E12B4004EAE64 /* Professor.swift */,
				A50AC06522625851003209E3 /* ProfSchedule.swift */,
				A50AC067226258EE003209E3 /* Schedule.swift */,
				A5F983E52263B313007E0CCF /* Appointment.swift */,
				A5CBE5BF2265184500F0F954 /* DateRange.swift */,
				A52FCFED227E5828003F35CB /* Student.swift */,
				A593F7F722860B6700FE8CE1 /* PushNotificationManager.swift */,
				A593F7F9228634E000FE8CE1 /* PushNotificationSender.swift */,
			);
			path = Model;
			sourceTree = "<group>";
		};
		A537EC3A2268FFE00085DC64 /* Table Cells */ = {
			isa = PBXGroup;
			children = (
				A537EC3C2269002C0085DC64 /* AppointmentCell.xib */,
				A537EC3B2269002C0085DC64 /* AppointmentCell.swift */,
				A592A38B2283271800068479 /* ProfessorCell.swift */,
				A592A38C2283271800068479 /* ProfessorCell.xib */,
				A5DF621C228795B400456788 /* ProfileInfoCell.swift */,
				A5DF621D228795B400456788 /* ProfileInfoCell.xib */,
				A51C83312288A6E200917D76 /* AppointmentNewCell.swift */,
				A51C83322288A6E200917D76 /* AppointmentNewCell.xib */,
			);
			path = "Table Cells";
			sourceTree = "<group>";
		};
		BCDECB65ABC506CD6A8028EB /* Pods */ = {
			isa = PBXGroup;
			children = (
				93A4A50FA5C2F3EFDF961F5B /* Pods-Appointments.debug.xcconfig */,
				6B020C3833ED0EFE767C6397 /* Pods-Appointments.release.xcconfig */,
			);
			name = Pods;
			sourceTree = "<group>";
		};
/* End PBXGroup section */

/* Begin PBXNativeTarget section */
		A50DDEF02253C2E30028C6E4 /* Appointments */ = {
			isa = PBXNativeTarget;
			buildConfigurationList = A50DDF032253C2E40028C6E4 /* Build configuration list for PBXNativeTarget "Appointments" */;
			buildPhases = (
				7F80CE642DD53AEBC52FEC66 /* [CP] Check Pods Manifest.lock */,
				A50DDEED2253C2E30028C6E4 /* Sources */,
				A50DDEEE2253C2E30028C6E4 /* Frameworks */,
				A50DDEEF2253C2E30028C6E4 /* Resources */,
				68A95F4F300B134522804CDB /* [CP] Embed Pods Frameworks */,
				0836605B5C065E6F4C0FBE29 /* [CP] Copy Pods Resources */,
			);
			buildRules = (
			);
			dependencies = (
			);
			name = Appointments;
			productName = Appointments;
			productReference = A50DDEF12253C2E30028C6E4 /* Appointments.app */;
			productType = "com.apple.product-type.application";
		};
/* End PBXNativeTarget section */

/* Begin PBXProject section */
		A50DDEE92253C2E30028C6E4 /* Project object */ = {
			isa = PBXProject;
			attributes = {
				LastSwiftUpdateCheck = 1010;
				LastUpgradeCheck = 1010;
				ORGANIZATIONNAME = "Aalim Mulji";
				TargetAttributes = {
					A50DDEF02253C2E30028C6E4 = {
						CreatedOnToolsVersion = 10.1;
						SystemCapabilities = {
							com.apple.BackgroundModes = {
								enabled = 1;
							};
							com.apple.Push = {
								enabled = 1;
							};
						};
					};
				};
			};
			buildConfigurationList = A50DDEEC2253C2E30028C6E4 /* Build configuration list for PBXProject "Appointments" */;
			compatibilityVersion = "Xcode 9.3";
			developmentRegion = en;
			hasScannedForEncodings = 0;
			knownRegions = (
				en,
				Base,
			);
			mainGroup = A50DDEE82253C2E30028C6E4;
			productRefGroup = A50DDEF22253C2E30028C6E4 /* Products */;
			projectDirPath = "";
			projectRoot = "";
			targets = (
				A50DDEF02253C2E30028C6E4 /* Appointments */,
			);
		};
/* End PBXProject section */

/* Begin PBXResourcesBuildPhase section */
		A50DDEEF2253C2E30028C6E4 /* Resources */ = {
			isa = PBXResourcesBuildPhase;
			buildActionMask = 2147483647;
			files = (
				A51EA063227D154D009D72D5 /* SF-Pro-Display-SemiboldItalic.otf in Resources */,
				A51EA05F227D154D009D72D5 /* SF-Pro-Display-Semibold.otf in Resources */,
				A51EA054227D154D009D72D5 /* SF-Pro-Text-BoldItalic.otf in Resources */,
				A5DF621F228795B400456788 /* ProfileInfoCell.xib in Resources */,
				A51EA04F227D154D009D72D5 /* SF-Pro-Text-SemiboldItalic.otf in Resources */,
				A51EA066227D154D009D72D5 /* SF-Pro-Text-HeavyItalic.otf in Resources */,
				A51EA058227D154D009D72D5 /* SF-Pro-Display-ThinItalic.otf in Resources */,
				A51EA052227D154D009D72D5 /* SF-Pro-Text-LightItalic.otf in Resources */,
				A51EA053227D154D009D72D5 /* SF-Pro-Text-Bold.otf in Resources */,
				A51EA068227D154D009D72D5 /* SF-Pro-Display-RegularItalic.otf in Resources */,
				A51EA05E227D154D009D72D5 /* SF-Pro-Display-Heavy.otf in Resources */,
				A51EA060227D154D009D72D5 /* SF-Pro-Display-Black.otf in Resources */,
				A50DDEFF2253C2E40028C6E4 /* LaunchScreen.storyboard in Resources */,
				A592A38E2283271800068479 /* ProfessorCell.xib in Resources */,
				A51EA05D227D154D009D72D5 /* SF-Pro-Display-MediumItalic.otf in Resources */,
				A51EA059227D154D009D72D5 /* SF-Font.dmg in Resources */,
				A50DDF132256C06E0028C6E4 /* GoogleService-Info.plist in Resources */,
				A51EA055227D154D009D72D5 /* SF-Pro-Display-Medium.otf in Resources */,
				A51EA067227D154D009D72D5 /* SF-Pro-Display-BlackItalic.otf in Resources */,
				A50DDEFC2253C2E40028C6E4 /* Assets.xcassets in Resources */,
				A51EA05B227D154D009D72D5 /* SF-Pro-Display-BoldItalic.otf in Resources */,
				A51EA06A227D154D009D72D5 /* SF-Pro-Text-Light.otf in Resources */,
				A51EA05C227D154D009D72D5 /* SF-Pro-Display-Bold.otf in Resources */,
				A51EA050227D154D009D72D5 /* SF-Pro-Display-Light.otf in Resources */,
				A51EA064227D154D009D72D5 /* SF-Pro-Text-Heavy.otf in Resources */,
				A50DDEFA2253C2E30028C6E4 /* Main.storyboard in Resources */,
				A51EA06B227D154D009D72D5 /* SF-Pro-Text-MediumItalic.otf in Resources */,
				A51EA065227D154D009D72D5 /* SF-Pro-Display-Thin.otf in Resources */,
				A51EA057227D154D009D72D5 /* SF-Pro-Display-LightItalic.otf in Resources */,
				A51EA04E227D154D009D72D5 /* SF-Pro-Text-RegularItalic.otf in Resources */,
				A51C83342288A6E200917D76 /* AppointmentNewCell.xib in Resources */,
				A51EA04D227D154D009D72D5 /* SF-Pro-Display-Regular.otf in Resources */,
				A51EA056227D154D009D72D5 /* SF-Pro-Text-Semibold.otf in Resources */,
				A537EC3E2269002C0085DC64 /* AppointmentCell.xib in Resources */,
				A51EA05A227D154D009D72D5 /* SF-Pro-Text-Medium.otf in Resources */,
				A51EA069227D154D009D72D5 /* SF-Pro-Text-Regular.otf in Resources */,
				A51EA051227D154D009D72D5 /* SF-Pro-Display-UltralightItalic.otf in Resources */,
				A51EA062227D154D009D72D5 /* SF-Pro-Display-HeavyItalic.otf in Resources */,
				A51EA061227D154D009D72D5 /* SF-Pro-Display-Ultralight.otf in Resources */,
			);
			runOnlyForDeploymentPostprocessing = 0;
		};
/* End PBXResourcesBuildPhase section */

/* Begin PBXShellScriptBuildPhase section */
		0836605B5C065E6F4C0FBE29 /* [CP] Copy Pods Resources */ = {
			isa = PBXShellScriptBuildPhase;
			buildActionMask = 2147483647;
			files = (
			);
			inputPaths = (
				"${SRCROOT}/Pods/Target Support Files/Pods-Appointments/Pods-Appointments-resources.sh",
				"${PODS_CONFIGURATION_BUILD_DIR}/FirebaseUI/FirebaseAnonymousAuthUI.bundle",
				"${PODS_CONFIGURATION_BUILD_DIR}/FirebaseUI/FirebaseAuthUI.bundle",
				"${PODS_CONFIGURATION_BUILD_DIR}/FirebaseUI/FirebaseEmailAuthUI.bundle",
				"${PODS_CONFIGURATION_BUILD_DIR}/FirebaseUI/FirebaseFacebookAuthUI.bundle",
				"${PODS_CONFIGURATION_BUILD_DIR}/FirebaseUI/FirebaseGoogleAuthUI.bundle",
				"${PODS_CONFIGURATION_BUILD_DIR}/FirebaseUI/FirebasePhoneAuthUI.bundle",
				"${PODS_CONFIGURATION_BUILD_DIR}/FirebaseUI/FirebaseTwitterAuthUI.bundle",
				"${PODS_ROOT}/GoogleSignIn/Resources/GoogleSignIn.bundle",
				"${PODS_ROOT}/TwitterKit/iOS/TwitterKit.framework/TwitterKitResources.bundle",
			);
			name = "[CP] Copy Pods Resources";
			outputPaths = (
				"${TARGET_BUILD_DIR}/${UNLOCALIZED_RESOURCES_FOLDER_PATH}/FirebaseAnonymousAuthUI.bundle",
				"${TARGET_BUILD_DIR}/${UNLOCALIZED_RESOURCES_FOLDER_PATH}/FirebaseAuthUI.bundle",
				"${TARGET_BUILD_DIR}/${UNLOCALIZED_RESOURCES_FOLDER_PATH}/FirebaseEmailAuthUI.bundle",
				"${TARGET_BUILD_DIR}/${UNLOCALIZED_RESOURCES_FOLDER_PATH}/FirebaseFacebookAuthUI.bundle",
				"${TARGET_BUILD_DIR}/${UNLOCALIZED_RESOURCES_FOLDER_PATH}/FirebaseGoogleAuthUI.bundle",
				"${TARGET_BUILD_DIR}/${UNLOCALIZED_RESOURCES_FOLDER_PATH}/FirebasePhoneAuthUI.bundle",
				"${TARGET_BUILD_DIR}/${UNLOCALIZED_RESOURCES_FOLDER_PATH}/FirebaseTwitterAuthUI.bundle",
				"${TARGET_BUILD_DIR}/${UNLOCALIZED_RESOURCES_FOLDER_PATH}/GoogleSignIn.bundle",
				"${TARGET_BUILD_DIR}/${UNLOCALIZED_RESOURCES_FOLDER_PATH}/TwitterKitResources.bundle",
			);
			runOnlyForDeploymentPostprocessing = 0;
			shellPath = /bin/sh;
			shellScript = "\"${SRCROOT}/Pods/Target Support Files/Pods-Appointments/Pods-Appointments-resources.sh\"\n";
			showEnvVarsInLog = 0;
		};
		68A95F4F300B134522804CDB /* [CP] Embed Pods Frameworks */ = {
			isa = PBXShellScriptBuildPhase;
			buildActionMask = 2147483647;
			files = (
			);
			inputPaths = (
				"${SRCROOT}/Pods/Target Support Files/Pods-Appointments/Pods-Appointments-frameworks.sh",
				"${BUILT_PRODUCTS_DIR}/Bolts/Bolts.framework",
				"${BUILT_PRODUCTS_DIR}/BoringSSL-GRPC/openssl_grpc.framework",
				"${BUILT_PRODUCTS_DIR}/CalendarKit/CalendarKit.framework",
				"${BUILT_PRODUCTS_DIR}/DateToolsSwift/DateToolsSwift.framework",
				"${BUILT_PRODUCTS_DIR}/FBSDKCoreKit/FBSDKCoreKit.framework",
				"${BUILT_PRODUCTS_DIR}/FBSDKLoginKit/FBSDKLoginKit.framework",
				"${BUILT_PRODUCTS_DIR}/FSCalendar/FSCalendar.framework",
				"${BUILT_PRODUCTS_DIR}/GTMSessionFetcher/GTMSessionFetcher.framework",
				"${BUILT_PRODUCTS_DIR}/GoogleToolboxForMac/GoogleToolboxForMac.framework",
				"${BUILT_PRODUCTS_DIR}/GoogleUtilities/GoogleUtilities.framework",
				"${BUILT_PRODUCTS_DIR}/Neon/Neon.framework",
				"${BUILT_PRODUCTS_DIR}/Protobuf/Protobuf.framework",
				"${BUILT_PRODUCTS_DIR}/SDWebImage/SDWebImage.framework",
				"${BUILT_PRODUCTS_DIR}/SVProgressHUD/SVProgressHUD.framework",
				"${PODS_ROOT}/TwitterCore/iOS/TwitterCore.framework",
				"${PODS_ROOT}/TwitterKit/iOS/TwitterKit.framework",
				"${BUILT_PRODUCTS_DIR}/gRPC-C++/grpcpp.framework",
				"${BUILT_PRODUCTS_DIR}/gRPC-Core/grpc.framework",
				"${BUILT_PRODUCTS_DIR}/leveldb-library/leveldb.framework",
				"${BUILT_PRODUCTS_DIR}/nanopb/nanopb.framework",
			);
			name = "[CP] Embed Pods Frameworks";
			outputPaths = (
				"${TARGET_BUILD_DIR}/${FRAMEWORKS_FOLDER_PATH}/Bolts.framework",
				"${TARGET_BUILD_DIR}/${FRAMEWORKS_FOLDER_PATH}/openssl_grpc.framework",
				"${TARGET_BUILD_DIR}/${FRAMEWORKS_FOLDER_PATH}/CalendarKit.framework",
				"${TARGET_BUILD_DIR}/${FRAMEWORKS_FOLDER_PATH}/DateToolsSwift.framework",
				"${TARGET_BUILD_DIR}/${FRAMEWORKS_FOLDER_PATH}/FBSDKCoreKit.framework",
				"${TARGET_BUILD_DIR}/${FRAMEWORKS_FOLDER_PATH}/FBSDKLoginKit.framework",
				"${TARGET_BUILD_DIR}/${FRAMEWORKS_FOLDER_PATH}/FSCalendar.framework",
				"${TARGET_BUILD_DIR}/${FRAMEWORKS_FOLDER_PATH}/GTMSessionFetcher.framework",
				"${TARGET_BUILD_DIR}/${FRAMEWORKS_FOLDER_PATH}/GoogleToolboxForMac.framework",
				"${TARGET_BUILD_DIR}/${FRAMEWORKS_FOLDER_PATH}/GoogleUtilities.framework",
				"${TARGET_BUILD_DIR}/${FRAMEWORKS_FOLDER_PATH}/Neon.framework",
				"${TARGET_BUILD_DIR}/${FRAMEWORKS_FOLDER_PATH}/Protobuf.framework",
				"${TARGET_BUILD_DIR}/${FRAMEWORKS_FOLDER_PATH}/SDWebImage.framework",
				"${TARGET_BUILD_DIR}/${FRAMEWORKS_FOLDER_PATH}/SVProgressHUD.framework",
				"${TARGET_BUILD_DIR}/${FRAMEWORKS_FOLDER_PATH}/TwitterCore.framework",
				"${TARGET_BUILD_DIR}/${FRAMEWORKS_FOLDER_PATH}/TwitterKit.framework",
				"${TARGET_BUILD_DIR}/${FRAMEWORKS_FOLDER_PATH}/grpcpp.framework",
				"${TARGET_BUILD_DIR}/${FRAMEWORKS_FOLDER_PATH}/grpc.framework",
				"${TARGET_BUILD_DIR}/${FRAMEWORKS_FOLDER_PATH}/leveldb.framework",
				"${TARGET_BUILD_DIR}/${FRAMEWORKS_FOLDER_PATH}/nanopb.framework",
			);
			runOnlyForDeploymentPostprocessing = 0;
			shellPath = /bin/sh;
			shellScript = "\"${SRCROOT}/Pods/Target Support Files/Pods-Appointments/Pods-Appointments-frameworks.sh\"\n";
			showEnvVarsInLog = 0;
		};
		7F80CE642DD53AEBC52FEC66 /* [CP] Check Pods Manifest.lock */ = {
			isa = PBXShellScriptBuildPhase;
			buildActionMask = 2147483647;
			files = (
			);
			inputPaths = (
				"${PODS_PODFILE_DIR_PATH}/Podfile.lock",
				"${PODS_ROOT}/Manifest.lock",
			);
			name = "[CP] Check Pods Manifest.lock";
			outputPaths = (
				"$(DERIVED_FILE_DIR)/Pods-Appointments-checkManifestLockResult.txt",
			);
			runOnlyForDeploymentPostprocessing = 0;
			shellPath = /bin/sh;
			shellScript = "diff \"${PODS_PODFILE_DIR_PATH}/Podfile.lock\" \"${PODS_ROOT}/Manifest.lock\" > /dev/null\nif [ $? != 0 ] ; then\n    # print error to STDERR\n    echo \"error: The sandbox is not in sync with the Podfile.lock. Run 'pod install' or update your CocoaPods installation.\" >&2\n    exit 1\nfi\n# This output is used by Xcode 'outputs' to avoid re-running this script phase.\necho \"SUCCESS\" > \"${SCRIPT_OUTPUT_FILE_0}\"\n";
			showEnvVarsInLog = 0;
		};
/* End PBXShellScriptBuildPhase section */

/* Begin PBXSourcesBuildPhase section */
		A50DDEED2253C2E30028C6E4 /* Sources */ = {
			isa = PBXSourcesBuildPhase;
			buildActionMask = 2147483647;
			files = (
				A50DDF0722564BAD0028C6E4 /* CalendarKitController.swift in Sources */,
				A592A39022833AFD00068479 /* SideBarView.swift in Sources */,
				A593F7F822860B6700FE8CE1 /* PushNotificationManager.swift in Sources */,
				A537EC3D2269002C0085DC64 /* AppointmentCell.swift in Sources */,
				A52FCFEA227D2E9E003F35CB /* ImageUploadController.swift in Sources */,
				A592A38D2283271800068479 /* ProfessorCell.swift in Sources */,
				A50DDF0F22565D200028C6E4 /* StyleGenerator.swift in Sources */,
				A5DF6221228797CB00456788 /* ProfileController.swift in Sources */,
				A5243195225A66AB002705CB /* SignUpController.swift in Sources */,
				A5F983E62263B313007E0CCF /* Appointment.swift in Sources */,
				A51C832E228879F500917D76 /* UpdateScheduleController.swift in Sources */,
				A593F7FA228634E000FE8CE1 /* PushNotificationSender.swift in Sources */,
				A51C83332288A6E200917D76 /* AppointmentNewCell.swift in Sources */,
				A50AC06622625851003209E3 /* ProfSchedule.swift in Sources */,
				A51C832C228879DC00917D76 /* CreateScheduleController.swift in Sources */,
				A51EA02C227D0882009D72D5 /* WelcomeController.swift in Sources */,
				A52FCFEE227E5828003F35CB /* Student.swift in Sources */,
				A50DDF09225657830028C6E4 /* CalendarKitMainController.swift in Sources */,
				A50DDEF72253C2E30028C6E4 /* ViewController.swift in Sources */,
				A5329ED0227730C200306779 /* AppointmentViewController.swift in Sources */,
				A5A48781225E12B4004EAE64 /* Professor.swift in Sources */,
				A5CBE5C02265184500F0F954 /* DateRange.swift in Sources */,
				A50DDF0B2256598C0028C6E4 /* DatePickerController.swift in Sources */,
				A592A38A2283259A00068479 /* ProfessorListController.swift in Sources */,
				A51C832A228876DA00917D76 /* updateProfileInfoController.swift in Sources */,
				A50AC068226258EE003209E3 /* Schedule.swift in Sources */,
				A50DDEF52253C2E30028C6E4 /* AppDelegate.swift in Sources */,
				A52FCFEC227D36E0003F35CB /* StepTwoSignUpController.swift in Sources */,
				A5F983E42263AD2D007E0CCF /* NewAppointmentController.swift in Sources */,
				A537EC372268FE160085DC64 /* AppointmentListController.swift in Sources */,
				A593F7F42285FBD100FE8CE1 /* ProfessorSignUpController.swift in Sources */,
				A5DF621E228795B400456788 /* ProfileInfoCell.swift in Sources */,
			);
			runOnlyForDeploymentPostprocessing = 0;
		};
/* End PBXSourcesBuildPhase section */

/* Begin PBXVariantGroup section */
		A50DDEF82253C2E30028C6E4 /* Main.storyboard */ = {
			isa = PBXVariantGroup;
			children = (
				A50DDEF92253C2E30028C6E4 /* Base */,
			);
			name = Main.storyboard;
			sourceTree = "<group>";
		};
		A50DDEFD2253C2E40028C6E4 /* LaunchScreen.storyboard */ = {
			isa = PBXVariantGroup;
			children = (
				A50DDEFE2253C2E40028C6E4 /* Base */,
			);
			name = LaunchScreen.storyboard;
			sourceTree = "<group>";
		};
/* End PBXVariantGroup section */

/* Begin XCBuildConfiguration section */
		A50DDF012253C2E40028C6E4 /* Debug */ = {
			isa = XCBuildConfiguration;
			buildSettings = {
				ALWAYS_SEARCH_USER_PATHS = NO;
				CLANG_ANALYZER_NONNULL = YES;
				CLANG_ANALYZER_NUMBER_OBJECT_CONVERSION = YES_AGGRESSIVE;
				CLANG_CXX_LANGUAGE_STANDARD = "gnu++14";
				CLANG_CXX_LIBRARY = "libc++";
				CLANG_ENABLE_MODULES = YES;
				CLANG_ENABLE_OBJC_ARC = YES;
				CLANG_ENABLE_OBJC_WEAK = YES;
				CLANG_WARN_BLOCK_CAPTURE_AUTORELEASING = YES;
				CLANG_WARN_BOOL_CONVERSION = YES;
				CLANG_WARN_COMMA = YES;
				CLANG_WARN_CONSTANT_CONVERSION = YES;
				CLANG_WARN_DEPRECATED_OBJC_IMPLEMENTATIONS = YES;
				CLANG_WARN_DIRECT_OBJC_ISA_USAGE = YES_ERROR;
				CLANG_WARN_DOCUMENTATION_COMMENTS = YES;
				CLANG_WARN_EMPTY_BODY = YES;
				CLANG_WARN_ENUM_CONVERSION = YES;
				CLANG_WARN_INFINITE_RECURSION = YES;
				CLANG_WARN_INT_CONVERSION = YES;
				CLANG_WARN_NON_LITERAL_NULL_CONVERSION = YES;
				CLANG_WARN_OBJC_IMPLICIT_RETAIN_SELF = YES;
				CLANG_WARN_OBJC_LITERAL_CONVERSION = YES;
				CLANG_WARN_OBJC_ROOT_CLASS = YES_ERROR;
				CLANG_WARN_RANGE_LOOP_ANALYSIS = YES;
				CLANG_WARN_STRICT_PROTOTYPES = YES;
				CLANG_WARN_SUSPICIOUS_MOVE = YES;
				CLANG_WARN_UNGUARDED_AVAILABILITY = YES_AGGRESSIVE;
				CLANG_WARN_UNREACHABLE_CODE = YES;
				CLANG_WARN__DUPLICATE_METHOD_MATCH = YES;
				CODE_SIGN_IDENTITY = "iPhone Developer";
				COPY_PHASE_STRIP = NO;
				DEBUG_INFORMATION_FORMAT = dwarf;
				ENABLE_STRICT_OBJC_MSGSEND = YES;
				ENABLE_TESTABILITY = YES;
				GCC_C_LANGUAGE_STANDARD = gnu11;
				GCC_DYNAMIC_NO_PIC = NO;
				GCC_NO_COMMON_BLOCKS = YES;
				GCC_OPTIMIZATION_LEVEL = 0;
				GCC_PREPROCESSOR_DEFINITIONS = (
					"DEBUG=1",
					"$(inherited)",
				);
				GCC_WARN_64_TO_32_BIT_CONVERSION = YES;
				GCC_WARN_ABOUT_RETURN_TYPE = YES_ERROR;
				GCC_WARN_UNDECLARED_SELECTOR = YES;
				GCC_WARN_UNINITIALIZED_AUTOS = YES_AGGRESSIVE;
				GCC_WARN_UNUSED_FUNCTION = YES;
				GCC_WARN_UNUSED_VARIABLE = YES;
				IPHONEOS_DEPLOYMENT_TARGET = 12.1;
				MTL_ENABLE_DEBUG_INFO = INCLUDE_SOURCE;
				MTL_FAST_MATH = YES;
				ONLY_ACTIVE_ARCH = YES;
				SDKROOT = iphoneos;
				SWIFT_ACTIVE_COMPILATION_CONDITIONS = DEBUG;
				SWIFT_OPTIMIZATION_LEVEL = "-Onone";
			};
			name = Debug;
		};
		A50DDF022253C2E40028C6E4 /* Release */ = {
			isa = XCBuildConfiguration;
			buildSettings = {
				ALWAYS_SEARCH_USER_PATHS = NO;
				CLANG_ANALYZER_NONNULL = YES;
				CLANG_ANALYZER_NUMBER_OBJECT_CONVERSION = YES_AGGRESSIVE;
				CLANG_CXX_LANGUAGE_STANDARD = "gnu++14";
				CLANG_CXX_LIBRARY = "libc++";
				CLANG_ENABLE_MODULES = YES;
				CLANG_ENABLE_OBJC_ARC = YES;
				CLANG_ENABLE_OBJC_WEAK = YES;
				CLANG_WARN_BLOCK_CAPTURE_AUTORELEASING = YES;
				CLANG_WARN_BOOL_CONVERSION = YES;
				CLANG_WARN_COMMA = YES;
				CLANG_WARN_CONSTANT_CONVERSION = YES;
				CLANG_WARN_DEPRECATED_OBJC_IMPLEMENTATIONS = YES;
				CLANG_WARN_DIRECT_OBJC_ISA_USAGE = YES_ERROR;
				CLANG_WARN_DOCUMENTATION_COMMENTS = YES;
				CLANG_WARN_EMPTY_BODY = YES;
				CLANG_WARN_ENUM_CONVERSION = YES;
				CLANG_WARN_INFINITE_RECURSION = YES;
				CLANG_WARN_INT_CONVERSION = YES;
				CLANG_WARN_NON_LITERAL_NULL_CONVERSION = YES;
				CLANG_WARN_OBJC_IMPLICIT_RETAIN_SELF = YES;
				CLANG_WARN_OBJC_LITERAL_CONVERSION = YES;
				CLANG_WARN_OBJC_ROOT_CLASS = YES_ERROR;
				CLANG_WARN_RANGE_LOOP_ANALYSIS = YES;
				CLANG_WARN_STRICT_PROTOTYPES = YES;
				CLANG_WARN_SUSPICIOUS_MOVE = YES;
				CLANG_WARN_UNGUARDED_AVAILABILITY = YES_AGGRESSIVE;
				CLANG_WARN_UNREACHABLE_CODE = YES;
				CLANG_WARN__DUPLICATE_METHOD_MATCH = YES;
				CODE_SIGN_IDENTITY = "iPhone Developer";
				COPY_PHASE_STRIP = NO;
				DEBUG_INFORMATION_FORMAT = "dwarf-with-dsym";
				ENABLE_NS_ASSERTIONS = NO;
				ENABLE_STRICT_OBJC_MSGSEND = YES;
				GCC_C_LANGUAGE_STANDARD = gnu11;
				GCC_NO_COMMON_BLOCKS = YES;
				GCC_WARN_64_TO_32_BIT_CONVERSION = YES;
				GCC_WARN_ABOUT_RETURN_TYPE = YES_ERROR;
				GCC_WARN_UNDECLARED_SELECTOR = YES;
				GCC_WARN_UNINITIALIZED_AUTOS = YES_AGGRESSIVE;
				GCC_WARN_UNUSED_FUNCTION = YES;
				GCC_WARN_UNUSED_VARIABLE = YES;
				IPHONEOS_DEPLOYMENT_TARGET = 12.1;
				MTL_ENABLE_DEBUG_INFO = NO;
				MTL_FAST_MATH = YES;
				SDKROOT = iphoneos;
				SWIFT_COMPILATION_MODE = wholemodule;
				SWIFT_OPTIMIZATION_LEVEL = "-O";
				VALIDATE_PRODUCT = YES;
			};
			name = Release;
		};
		A50DDF042253C2E40028C6E4 /* Debug */ = {
			isa = XCBuildConfiguration;
			baseConfigurationReference = 93A4A50FA5C2F3EFDF961F5B /* Pods-Appointments.debug.xcconfig */;
			buildSettings = {
				ASSETCATALOG_COMPILER_APPICON_NAME = AppIcon;
				CODE_SIGN_ENTITLEMENTS = Appointments/Appointments.entitlements;
				CODE_SIGN_STYLE = Automatic;
				DEVELOPMENT_TEAM = 77MLE67A45;
				INFOPLIST_FILE = Appointments/Info.plist;
				LD_RUNPATH_SEARCH_PATHS = (
					"$(inherited)",
					"@executable_path/Frameworks",
				);
				PRODUCT_BUNDLE_IDENTIFIER = com.aalimmulji.Appointments;
				PRODUCT_NAME = "$(TARGET_NAME)";
				SWIFT_VERSION = 4.2;
				TARGETED_DEVICE_FAMILY = "1,2";
			};
			name = Debug;
		};
		A50DDF052253C2E40028C6E4 /* Release */ = {
			isa = XCBuildConfiguration;
			baseConfigurationReference = 6B020C3833ED0EFE767C6397 /* Pods-Appointments.release.xcconfig */;
			buildSettings = {
				ASSETCATALOG_COMPILER_APPICON_NAME = AppIcon;
				CODE_SIGN_ENTITLEMENTS = Appointments/Appointments.entitlements;
				CODE_SIGN_STYLE = Automatic;
				DEVELOPMENT_TEAM = 77MLE67A45;
				INFOPLIST_FILE = Appointments/Info.plist;
				LD_RUNPATH_SEARCH_PATHS = (
					"$(inherited)",
					"@executable_path/Frameworks",
				);
				PRODUCT_BUNDLE_IDENTIFIER = com.aalimmulji.Appointments;
				PRODUCT_NAME = "$(TARGET_NAME)";
				SWIFT_VERSION = 4.2;
				TARGETED_DEVICE_FAMILY = "1,2";
			};
			name = Release;
		};
/* End XCBuildConfiguration section */

/* Begin XCConfigurationList section */
		A50DDEEC2253C2E30028C6E4 /* Build configuration list for PBXProject "Appointments" */ = {
			isa = XCConfigurationList;
			buildConfigurations = (
				A50DDF012253C2E40028C6E4 /* Debug */,
				A50DDF022253C2E40028C6E4 /* Release */,
			);
			defaultConfigurationIsVisible = 0;
			defaultConfigurationName = Release;
		};
		A50DDF032253C2E40028C6E4 /* Build configuration list for PBXNativeTarget "Appointments" */ = {
			isa = XCConfigurationList;
			buildConfigurations = (
				A50DDF042253C2E40028C6E4 /* Debug */,
				A50DDF052253C2E40028C6E4 /* Release */,
			);
			defaultConfigurationIsVisible = 0;
			defaultConfigurationName = Release;
		};
/* End XCConfigurationList section */
	};
	rootObject = A50DDEE92253C2E30028C6E4 /* Project object */;
}
