// !$*UTF8*$!
{
	archiveVersion = 1;
	classes = {
	};
	objectVersion = 50;
	objects = {

/* Begin PBXBuildFile section */
		A50DDEF52253C2E30028C6E4 /* AppDelegate.swift in Sources */ = {isa = PBXBuildFile; fileRef = A50DDEF42253C2E30028C6E4 /* AppDelegate.swift */; };
		A50DDEF72253C2E30028C6E4 /* ViewController.swift in Sources */ = {isa = PBXBuildFile; fileRef = A50DDEF62253C2E30028C6E4 /* ViewController.swift */; };
		A50DDEFA2253C2E30028C6E4 /* Main.storyboard in Resources */ = {isa = PBXBuildFile; fileRef = A50DDEF82253C2E30028C6E4 /* Main.storyboard */; };
		A50DDEFC2253C2E40028C6E4 /* Assets.xcassets in Resources */ = {isa = PBXBuildFile; fileRef = A50DDEFB2253C2E40028C6E4 /* Assets.xcassets */; };
		A50DDEFF2253C2E40028C6E4 /* LaunchScreen.storyboard in Resources */ = {isa = PBXBuildFile; fileRef = A50DDEFD2253C2E40028C6E4 /* LaunchScreen.storyboard */; };
		A50DDF0722564BAD0028C6E4 /* CalendarKitController.swift in Sources */ = {isa = PBXBuildFile; fileRef = A50DDF0622564BAD0028C6E4 /* CalendarKitController.swift */; };
		A50DDF09225657830028C6E4 /* CalendarKitMainController.swift in Sources */ = {isa = PBXBuildFile; fileRef = A50DDF08225657830028C6E4 /* CalendarKitMainController.swift */; };
		A50DDF0B2256598C0028C6E4 /* DatePickerController.swift in Sources */ = {isa = PBXBuildFile; fileRef = A50DDF0A2256598C0028C6E4 /* DatePickerController.swift */; };
		A50DDF0F22565D200028C6E4 /* StyleGenerator.swift in Sources */ = {isa = PBXBuildFile; fileRef = A50DDF0E22565D200028C6E4 /* StyleGenerator.swift */; };
		ECE5F78A73C577A14C447BC1 /* Pods_Appointments.framework in Frameworks */ = {isa = PBXBuildFile; fileRef = 061FD805D67E0DE95A1B4DA6 /* Pods_Appointments.framework */; };
/* End PBXBuildFile section */

/* Begin PBXFileReference section */
		061FD805D67E0DE95A1B4DA6 /* Pods_Appointments.framework */ = {isa = PBXFileReference; explicitFileType = wrapper.framework; includeInIndex = 0; path = Pods_Appointments.framework; sourceTree = BUILT_PRODUCTS_DIR; };
		6B020C3833ED0EFE767C6397 /* Pods-Appointments.release.xcconfig */ = {isa = PBXFileReference; includeInIndex = 1; lastKnownFileType = text.xcconfig; name = "Pods-Appointments.release.xcconfig"; path = "Pods/Target Support Files/Pods-Appointments/Pods-Appointments.release.xcconfig"; sourceTree = "<group>"; };
		93A4A50FA5C2F3EFDF961F5B /* Pods-Appointments.debug.xcconfig */ = {isa = PBXFileReference; includeInIndex = 1; lastKnownFileType = text.xcconfig; name = "Pods-Appointments.debug.xcconfig"; path = "Pods/Target Support Files/Pods-Appointments/Pods-Appointments.debug.xcconfig"; sourceTree = "<group>"; };
		A50DDEF12253C2E30028C6E4 /* Appointments.app */ = {isa = PBXFileReference; explicitFileType = wrapper.application; includeInIndex = 0; path = Appointments.app; sourceTree = BUILT_PRODUCTS_DIR; };
		A50DDEF42253C2E30028C6E4 /* AppDelegate.swift */ = {isa = PBXFileReference; lastKnownFileType = sourcecode.swift; path = AppDelegate.swift; sourceTree = "<group>"; };
		A50DDEF62253C2E30028C6E4 /* ViewController.swift */ = {isa = PBXFileReference; lastKnownFileType = sourcecode.swift; path = ViewController.swift; sourceTree = "<group>"; };
		A50DDEF92253C2E30028C6E4 /* Base */ = {isa = PBXFileReference; lastKnownFileType = file.storyboard; name = Base; path = Base.lproj/Main.storyboard; sourceTree = "<group>"; };
		A50DDEFB2253C2E40028C6E4 /* Assets.xcassets */ = {isa = PBXFileReference; lastKnownFileType = folder.assetcatalog; path = Assets.xcassets; sourceTree = "<group>"; };
		A50DDEFE2253C2E40028C6E4 /* Base */ = {isa = PBXFileReference; lastKnownFileType = file.storyboard; name = Base; path = Base.lproj/LaunchScreen.storyboard; sourceTree = "<group>"; };
		A50DDF002253C2E40028C6E4 /* Info.plist */ = {isa = PBXFileReference; lastKnownFileType = text.plist.xml; path = Info.plist; sourceTree = "<group>"; };
		A50DDF0622564BAD0028C6E4 /* CalendarKitController.swift */ = {isa = PBXFileReference; lastKnownFileType = sourcecode.swift; path = CalendarKitController.swift; sourceTree = "<group>"; };
		A50DDF08225657830028C6E4 /* CalendarKitMainController.swift */ = {isa = PBXFileReference; lastKnownFileType = sourcecode.swift; path = CalendarKitMainController.swift; sourceTree = "<group>"; };
		A50DDF0A2256598C0028C6E4 /* DatePickerController.swift */ = {isa = PBXFileReference; lastKnownFileType = sourcecode.swift; path = DatePickerController.swift; sourceTree = "<group>"; };
		A50DDF0E22565D200028C6E4 /* StyleGenerator.swift */ = {isa = PBXFileReference; lastKnownFileType = sourcecode.swift; path = StyleGenerator.swift; sourceTree = "<group>"; };
/* End PBXFileReference section */

/* Begin PBXFrameworksBuildPhase section */
		A50DDEEE2253C2E30028C6E4 /* Frameworks */ = {
			isa = PBXFrameworksBuildPhase;
			buildActionMask = 2147483647;
			files = (
				ECE5F78A73C577A14C447BC1 /* Pods_Appointments.framework in Frameworks */,
			);
			runOnlyForDeploymentPostprocessing = 0;
		};
/* End PBXFrameworksBuildPhase section */

/* Begin PBXGroup section */
		44CE70D15F8235F08750AE3A /* Frameworks */ = {
			isa = PBXGroup;
			children = (
				061FD805D67E0DE95A1B4DA6 /* Pods_Appointments.framework */,
			);
			name = Frameworks;
			sourceTree = "<group>";
		};
		A50DDEE82253C2E30028C6E4 = {
			isa = PBXGroup;
			children = (
				A50DDEF32253C2E30028C6E4 /* Appointments */,
				A50DDEF22253C2E30028C6E4 /* Products */,
				BCDECB65ABC506CD6A8028EB /* Pods */,
				44CE70D15F8235F08750AE3A /* Frameworks */,
			);
			sourceTree = "<group>";
		};
		A50DDEF22253C2E30028C6E4 /* Products */ = {
			isa = PBXGroup;
			children = (
				A50DDEF12253C2E30028C6E4 /* Appointments.app */,
			);
			name = Products;
			sourceTree = "<group>";
		};
		A50DDEF32253C2E30028C6E4 /* Appointments */ = {
			isa = PBXGroup;
			children = (
				A50DDEF42253C2E30028C6E4 /* AppDelegate.swift */,
				A50DDEF62253C2E30028C6E4 /* ViewController.swift */,
				A50DDEF82253C2E30028C6E4 /* Main.storyboard */,
				A50DDEFB2253C2E40028C6E4 /* Assets.xcassets */,
				A50DDEFD2253C2E40028C6E4 /* LaunchScreen.storyboard */,
				A50DDF002253C2E40028C6E4 /* Info.plist */,
				A50DDF0622564BAD0028C6E4 /* CalendarKitController.swift */,
				A50DDF08225657830028C6E4 /* CalendarKitMainController.swift */,
				A50DDF0A2256598C0028C6E4 /* DatePickerController.swift */,
				A50DDF0E22565D200028C6E4 /* StyleGenerator.swift */,
			);
			path = Appointments;
			sourceTree = "<group>";
		};
		BCDECB65ABC506CD6A8028EB /* Pods */ = {
			isa = PBXGroup;
			children = (
				93A4A50FA5C2F3EFDF961F5B /* Pods-Appointments.debug.xcconfig */,
				6B020C3833ED0EFE767C6397 /* Pods-Appointments.release.xcconfig */,
			);
			name = Pods;
			sourceTree = "<group>";
		};
/* End PBXGroup section */

/* Begin PBXNativeTarget section */
		A50DDEF02253C2E30028C6E4 /* Appointments */ = {
			isa = PBXNativeTarget;
			buildConfigurationList = A50DDF032253C2E40028C6E4 /* Build configuration list for PBXNativeTarget "Appointments" */;
			buildPhases = (
				7F80CE642DD53AEBC52FEC66 /* [CP] Check Pods Manifest.lock */,
				A50DDEED2253C2E30028C6E4 /* Sources */,
				A50DDEEE2253C2E30028C6E4 /* Frameworks */,
				A50DDEEF2253C2E30028C6E4 /* Resources */,
				68A95F4F300B134522804CDB /* [CP] Embed Pods Frameworks */,
			);
			buildRules = (
			);
			dependencies = (
			);
			name = Appointments;
			productName = Appointments;
			productReference = A50DDEF12253C2E30028C6E4 /* Appointments.app */;
			productType = "com.apple.product-type.application";
		};
/* End PBXNativeTarget section */

/* Begin PBXProject section */
		A50DDEE92253C2E30028C6E4 /* Project object */ = {
			isa = PBXProject;
			attributes = {
				LastSwiftUpdateCheck = 1010;
				LastUpgradeCheck = 1010;
				ORGANIZATIONNAME = "Aalim Mulji";
				TargetAttributes = {
					A50DDEF02253C2E30028C6E4 = {
						CreatedOnToolsVersion = 10.1;
					};
				};
			};
			buildConfigurationList = A50DDEEC2253C2E30028C6E4 /* Build configuration list for PBXProject "Appointments" */;
			compatibilityVersion = "Xcode 9.3";
			developmentRegion = en;
			hasScannedForEncodings = 0;
			knownRegions = (
				en,
				Base,
			);
			mainGroup = A50DDEE82253C2E30028C6E4;
			productRefGroup = A50DDEF22253C2E30028C6E4 /* Products */;
			projectDirPath = "";
			projectRoot = "";
			targets = (
				A50DDEF02253C2E30028C6E4 /* Appointments */,
			);
		};
/* End PBXProject section */

/* Begin PBXResourcesBuildPhase section */
		A50DDEEF2253C2E30028C6E4 /* Resources */ = {
			isa = PBXResourcesBuildPhase;
			buildActionMask = 2147483647;
			files = (
				A50DDEFF2253C2E40028C6E4 /* LaunchScreen.storyboard in Resources */,
				A50DDEFC2253C2E40028C6E4 /* Assets.xcassets in Resources */,
				A50DDEFA2253C2E30028C6E4 /* Main.storyboard in Resources */,
			);
			runOnlyForDeploymentPostprocessing = 0;
		};
/* End PBXResourcesBuildPhase section */

/* Begin PBXShellScriptBuildPhase section */
		68A95F4F300B134522804CDB /* [CP] Embed Pods Frameworks */ = {
			isa = PBXShellScriptBuildPhase;
			buildActionMask = 2147483647;
			files = (
			);
			inputPaths = (
				"${SRCROOT}/Pods/Target Support Files/Pods-Appointments/Pods-Appointments-frameworks.sh",
				"${BUILT_PRODUCTS_DIR}/CalendarKit/CalendarKit.framework",
				"${BUILT_PRODUCTS_DIR}/DateToolsSwift/DateToolsSwift.framework",
				"${BUILT_PRODUCTS_DIR}/FSCalendar/FSCalendar.framework",
				"${BUILT_PRODUCTS_DIR}/Neon/Neon.framework",
			);
			name = "[CP] Embed Pods Frameworks";
			outputPaths = (
				"${TARGET_BUILD_DIR}/${FRAMEWORKS_FOLDER_PATH}/CalendarKit.framework",
				"${TARGET_BUILD_DIR}/${FRAMEWORKS_FOLDER_PATH}/DateToolsSwift.framework",
				"${TARGET_BUILD_DIR}/${FRAMEWORKS_FOLDER_PATH}/FSCalendar.framework",
				"${TARGET_BUILD_DIR}/${FRAMEWORKS_FOLDER_PATH}/Neon.framework",
			);
			runOnlyForDeploymentPostprocessing = 0;
			shellPath = /bin/sh;
			shellScript = "\"${SRCROOT}/Pods/Target Support Files/Pods-Appointments/Pods-Appointments-frameworks.sh\"\n";
			showEnvVarsInLog = 0;
		};
		7F80CE642DD53AEBC52FEC66 /* [CP] Check Pods Manifest.lock */ = {
			isa = PBXShellScriptBuildPhase;
			buildActionMask = 2147483647;
			files = (
			);
			inputPaths = (
				"${PODS_PODFILE_DIR_PATH}/Podfile.lock",
				"${PODS_ROOT}/Manifest.lock",
			);
			name = "[CP] Check Pods Manifest.lock";
			outputPaths = (
				"$(DERIVED_FILE_DIR)/Pods-Appointments-checkManifestLockResult.txt",
			);
			runOnlyForDeploymentPostprocessing = 0;
			shellPath = /bin/sh;
			shellScript = "diff \"${PODS_PODFILE_DIR_PATH}/Podfile.lock\" \"${PODS_ROOT}/Manifest.lock\" > /dev/null\nif [ $? != 0 ] ; then\n    # print error to STDERR\n    echo \"error: The sandbox is not in sync with the Podfile.lock. Run 'pod install' or update your CocoaPods installation.\" >&2\n    exit 1\nfi\n# This output is used by Xcode 'outputs' to avoid re-running this script phase.\necho \"SUCCESS\" > \"${SCRIPT_OUTPUT_FILE_0}\"\n";
			showEnvVarsInLog = 0;
		};
/* End PBXShellScriptBuildPhase section */

/* Begin PBXSourcesBuildPhase section */
		A50DDEED2253C2E30028C6E4 /* Sources */ = {
			isa = PBXSourcesBuildPhase;
			buildActionMask = 2147483647;
			files = (
				A50DDF0722564BAD0028C6E4 /* CalendarKitController.swift in Sources */,
				A50DDF0F22565D200028C6E4 /* StyleGenerator.swift in Sources */,
				A50DDF09225657830028C6E4 /* CalendarKitMainController.swift in Sources */,
				A50DDEF72253C2E30028C6E4 /* ViewController.swift in Sources */,
				A50DDF0B2256598C0028C6E4 /* DatePickerController.swift in Sources */,
				A50DDEF52253C2E30028C6E4 /* AppDelegate.swift in Sources */,
			);
			runOnlyForDeploymentPostprocessing = 0;
		};
/* End PBXSourcesBuildPhase section */

/* Begin PBXVariantGroup section */
		A50DDEF82253C2E30028C6E4 /* Main.storyboard */ = {
			isa = PBXVariantGroup;
			children = (
				A50DDEF92253C2E30028C6E4 /* Base */,
			);
			name = Main.storyboard;
			sourceTree = "<group>";
		};
		A50DDEFD2253C2E40028C6E4 /* LaunchScreen.storyboard */ = {
			isa = PBXVariantGroup;
			children = (
				A50DDEFE2253C2E40028C6E4 /* Base */,
			);
			name = LaunchScreen.storyboard;
			sourceTree = "<group>";
		};
/* End PBXVariantGroup section */

/* Begin XCBuildConfiguration section */
		A50DDF012253C2E40028C6E4 /* Debug */ = {
			isa = XCBuildConfiguration;
			buildSettings = {
				ALWAYS_SEARCH_USER_PATHS = NO;
				CLANG_ANALYZER_NONNULL = YES;
				CLANG_ANALYZER_NUMBER_OBJECT_CONVERSION = YES_AGGRESSIVE;
				CLANG_CXX_LANGUAGE_STANDARD = "gnu++14";
				CLANG_CXX_LIBRARY = "libc++";
				CLANG_ENABLE_MODULES = YES;
				CLANG_ENABLE_OBJC_ARC = YES;
				CLANG_ENABLE_OBJC_WEAK = YES;
				CLANG_WARN_BLOCK_CAPTURE_AUTORELEASING = YES;
				CLANG_WARN_BOOL_CONVERSION = YES;
				CLANG_WARN_COMMA = YES;
				CLANG_WARN_CONSTANT_CONVERSION = YES;
				CLANG_WARN_DEPRECATED_OBJC_IMPLEMENTATIONS = YES;
				CLANG_WARN_DIRECT_OBJC_ISA_USAGE = YES_ERROR;
				CLANG_WARN_DOCUMENTATION_COMMENTS = YES;
				CLANG_WARN_EMPTY_BODY = YES;
				CLANG_WARN_ENUM_CONVERSION = YES;
				CLANG_WARN_INFINITE_RECURSION = YES;
				CLANG_WARN_INT_CONVERSION = YES;
				CLANG_WARN_NON_LITERAL_NULL_CONVERSION = YES;
				CLANG_WARN_OBJC_IMPLICIT_RETAIN_SELF = YES;
				CLANG_WARN_OBJC_LITERAL_CONVERSION = YES;
				CLANG_WARN_OBJC_ROOT_CLASS = YES_ERROR;
				CLANG_WARN_RANGE_LOOP_ANALYSIS = YES;
				CLANG_WARN_STRICT_PROTOTYPES = YES;
				CLANG_WARN_SUSPICIOUS_MOVE = YES;
				CLANG_WARN_UNGUARDED_AVAILABILITY = YES_AGGRESSIVE;
				CLANG_WARN_UNREACHABLE_CODE = YES;
				CLANG_WARN__DUPLICATE_METHOD_MATCH = YES;
				CODE_SIGN_IDENTITY = "iPhone Developer";
				COPY_PHASE_STRIP = NO;
				DEBUG_INFORMATION_FORMAT = dwarf;
				ENABLE_STRICT_OBJC_MSGSEND = YES;
				ENABLE_TESTABILITY = YES;
				GCC_C_LANGUAGE_STANDARD = gnu11;
				GCC_DYNAMIC_NO_PIC = NO;
				GCC_NO_COMMON_BLOCKS = YES;
				GCC_OPTIMIZATION_LEVEL = 0;
				GCC_PREPROCESSOR_DEFINITIONS = (
					"DEBUG=1",
					"$(inherited)",
				);
				GCC_WARN_64_TO_32_BIT_CONVERSION = YES;
				GCC_WARN_ABOUT_RETURN_TYPE = YES_ERROR;
				GCC_WARN_UNDECLARED_SELECTOR = YES;
				GCC_WARN_UNINITIALIZED_AUTOS = YES_AGGRESSIVE;
				GCC_WARN_UNUSED_FUNCTION = YES;
				GCC_WARN_UNUSED_VARIABLE = YES;
				IPHONEOS_DEPLOYMENT_TARGET = 12.1;
				MTL_ENABLE_DEBUG_INFO = INCLUDE_SOURCE;
				MTL_FAST_MATH = YES;
				ONLY_ACTIVE_ARCH = YES;
				SDKROOT = iphoneos;
				SWIFT_ACTIVE_COMPILATION_CONDITIONS = DEBUG;
				SWIFT_OPTIMIZATION_LEVEL = "-Onone";
			};
			name = Debug;
		};
		A50DDF022253C2E40028C6E4 /* Release */ = {
			isa = XCBuildConfiguration;
			buildSettings = {
				ALWAYS_SEARCH_USER_PATHS = NO;
				CLANG_ANALYZER_NONNULL = YES;
				CLANG_ANALYZER_NUMBER_OBJECT_CONVERSION = YES_AGGRESSIVE;
				CLANG_CXX_LANGUAGE_STANDARD = "gnu++14";
				CLANG_CXX_LIBRARY = "libc++";
				CLANG_ENABLE_MODULES = YES;
				CLANG_ENABLE_OBJC_ARC = YES;
				CLANG_ENABLE_OBJC_WEAK = YES;
				CLANG_WARN_BLOCK_CAPTURE_AUTORELEASING = YES;
				CLANG_WARN_BOOL_CONVERSION = YES;
				CLANG_WARN_COMMA = YES;
				CLANG_WARN_CONSTANT_CONVERSION = YES;
				CLANG_WARN_DEPRECATED_OBJC_IMPLEMENTATIONS = YES;
				CLANG_WARN_DIRECT_OBJC_ISA_USAGE = YES_ERROR;
				CLANG_WARN_DOCUMENTATION_COMMENTS = YES;
				CLANG_WARN_EMPTY_BODY = YES;
				CLANG_WARN_ENUM_CONVERSION = YES;
				CLANG_WARN_INFINITE_RECURSION = YES;
				CLANG_WARN_INT_CONVERSION = YES;
				CLANG_WARN_NON_LITERAL_NULL_CONVERSION = YES;
				CLANG_WARN_OBJC_IMPLICIT_RETAIN_SELF = YES;
				CLANG_WARN_OBJC_LITERAL_CONVERSION = YES;
				CLANG_WARN_OBJC_ROOT_CLASS = YES_ERROR;
				CLANG_WARN_RANGE_LOOP_ANALYSIS = YES;
				CLANG_WARN_STRICT_PROTOTYPES = YES;
				CLANG_WARN_SUSPICIOUS_MOVE = YES;
				CLANG_WARN_UNGUARDED_AVAILABILITY = YES_AGGRESSIVE;
				CLANG_WARN_UNREACHABLE_CODE = YES;
				CLANG_WARN__DUPLICATE_METHOD_MATCH = YES;
				CODE_SIGN_IDENTITY = "iPhone Developer";
				COPY_PHASE_STRIP = NO;
				DEBUG_INFORMATION_FORMAT = "dwarf-with-dsym";
				ENABLE_NS_ASSERTIONS = NO;
				ENABLE_STRICT_OBJC_MSGSEND = YES;
				GCC_C_LANGUAGE_STANDARD = gnu11;
				GCC_NO_COMMON_BLOCKS = YES;
				GCC_WARN_64_TO_32_BIT_CONVERSION = YES;
				GCC_WARN_ABOUT_RETURN_TYPE = YES_ERROR;
				GCC_WARN_UNDECLARED_SELECTOR = YES;
				GCC_WARN_UNINITIALIZED_AUTOS = YES_AGGRESSIVE;
				GCC_WARN_UNUSED_FUNCTION = YES;
				GCC_WARN_UNUSED_VARIABLE = YES;
				IPHONEOS_DEPLOYMENT_TARGET = 12.1;
				MTL_ENABLE_DEBUG_INFO = NO;
				MTL_FAST_MATH = YES;
				SDKROOT = iphoneos;
				SWIFT_COMPILATION_MODE = wholemodule;
				SWIFT_OPTIMIZATION_LEVEL = "-O";
				VALIDATE_PRODUCT = YES;
			};
			name = Release;
		};
		A50DDF042253C2E40028C6E4 /* Debug */ = {
			isa = XCBuildConfiguration;
			baseConfigurationReference = 93A4A50FA5C2F3EFDF961F5B /* Pods-Appointments.debug.xcconfig */;
			buildSettings = {
				ASSETCATALOG_COMPILER_APPICON_NAME = AppIcon;
				CODE_SIGN_STYLE = Automatic;
				DEVELOPMENT_TEAM = 77MLE67A45;
				INFOPLIST_FILE = Appointments/Info.plist;
				LD_RUNPATH_SEARCH_PATHS = (
					"$(inherited)",
					"@executable_path/Frameworks",
				);
				PRODUCT_BUNDLE_IDENTIFIER = com.aalimmulji.Appointments;
				PRODUCT_NAME = "$(TARGET_NAME)";
				SWIFT_VERSION = 4.2;
				TARGETED_DEVICE_FAMILY = "1,2";
			};
			name = Debug;
		};
		A50DDF052253C2E40028C6E4 /* Release */ = {
			isa = XCBuildConfiguration;
			baseConfigurationReference = 6B020C3833ED0EFE767C6397 /* Pods-Appointments.release.xcconfig */;
			buildSettings = {
				ASSETCATALOG_COMPILER_APPICON_NAME = AppIcon;
				CODE_SIGN_STYLE = Automatic;
				DEVELOPMENT_TEAM = 77MLE67A45;
				INFOPLIST_FILE = Appointments/Info.plist;
				LD_RUNPATH_SEARCH_PATHS = (
					"$(inherited)",
					"@executable_path/Frameworks",
				);
				PRODUCT_BUNDLE_IDENTIFIER = com.aalimmulji.Appointments;
				PRODUCT_NAME = "$(TARGET_NAME)";
				SWIFT_VERSION = 4.2;
				TARGETED_DEVICE_FAMILY = "1,2";
			};
			name = Release;
		};
/* End XCBuildConfiguration section */

/* Begin XCConfigurationList section */
		A50DDEEC2253C2E30028C6E4 /* Build configuration list for PBXProject "Appointments" */ = {
			isa = XCConfigurationList;
			buildConfigurations = (
				A50DDF012253C2E40028C6E4 /* Debug */,
				A50DDF022253C2E40028C6E4 /* Release */,
			);
			defaultConfigurationIsVisible = 0;
			defaultConfigurationName = Release;
		};
		A50DDF032253C2E40028C6E4 /* Build configuration list for PBXNativeTarget "Appointments" */ = {
			isa = XCConfigurationList;
			buildConfigurations = (
				A50DDF042253C2E40028C6E4 /* Debug */,
				A50DDF052253C2E40028C6E4 /* Release */,
			);
			defaultConfigurationIsVisible = 0;
			defaultConfigurationName = Release;
		};
/* End XCConfigurationList section */
	};
	rootObject = A50DDEE92253C2E30028C6E4 /* Project object */;
}
